
Microsoft Visual Studio Solution File, Format Version 12.00
# Visual Studio 2012
Project("{FAE04EC0-301F-11D3-BF4B-00C04F79EFBC}") = "RefUnitedIVRPlatform.Web", "RefUnitedIVRPlatform.Web\RefUnitedIVRPlatform.Web.csproj", "{23B00E7B-797E-4B2D-B270-6EEB9AE43903}"
EndProject
Project("{FAE04EC0-301F-11D3-BF4B-00C04F79EFBC}") = "RefUnitedIVRPlatform.Data", "RefUnitedIVRPlatform.Data\RefUnitedIVRPlatform.Data.csproj", "{02315AE5-D021-4EC1-B672-8146939CCF41}"
EndProject
Project("{FAE04EC0-301F-11D3-BF4B-00C04F79EFBC}") = "RefUnitedIVRPlatform.Common", "RefUnitedIVRPlatform.Common\RefUnitedIVRPlatform.Common.csproj", "{138ECE08-5A78-409F-9F21-25B3E18B679D}"
EndProject
Project("{FAE04EC0-301F-11D3-BF4B-00C04F79EFBC}") = "RefugeesUnitedApi", "..\refunited-dotnet-client\RefugeesUnitedApi\RefugeesUnitedApi.csproj", "{E6EF07C8-901E-407C-949F-D08FBB40B78B}"
EndProject
Project("{2150E333-8FDC-42A3-9474-1A3956D46DE8}") = ".nuget", ".nuget", "{17457788-244D-436F-8D47-5EEBE07E0745}"
	ProjectSection(SolutionItems) = preProject
		.nuget\NuGet.Config = .nuget\NuGet.Config
		.nuget\NuGet.exe = .nuget\NuGet.exe
		.nuget\NuGet.targets = .nuget\NuGet.targets
	EndProjectSection
EndProject
Project("{FAE04EC0-301F-11D3-BF4B-00C04F79EFBC}") = "RefUnitedIVRPlatform.Business", "RefUnitedIVRPlatform.Business\RefUnitedIVRPlatform.Business.csproj", "{2AE47113-76D3-4EB7-ADB4-E7B8EDE3EBE5}"
EndProject
Project("{FAE04EC0-301F-11D3-BF4B-00C04F79EFBC}") = "RefUnitedIVRPlatform.Resources", "RefUnitedIVRPlatform.Resources\RefUnitedIVRPlatform.Resources.csproj", "{0EDF838E-8EE3-4418-BB73-CB9658F75D37}"
EndProject
Project("{FAE04EC0-301F-11D3-BF4B-00C04F79EFBC}") = "RefUnitedIVRPlatform.Business.Tests", "RefUnitedIVRPlatform.Business.Tests\RefUnitedIVRPlatform.Business.Tests.csproj", "{74F7244D-D0B2-4B90-A441-C9FFFC80F646}"
EndProject
Project("{FAE04EC0-301F-11D3-BF4B-00C04F79EFBC}") = "RefUnitedIVRPlatform.Data.Tests", "RefUnitedIVRPlatform.Data.Tests\RefUnitedIVRPlatform.Data.Tests.csproj", "{0B50A8B9-50A0-4FDC-8689-73A1E36FBA83}"
EndProject
Project("{FAE04EC0-301F-11D3-BF4B-00C04F79EFBC}") = "RefUnitedIVRPlatform.Common.Tests", "RefUnitedIVRPlatform.Common.Tests\RefUnitedIVRPlatform.Common.Tests.csproj", "{5671D464-A95D-4053-9340-C2E7E9305BE9}"
EndProject
Project("{FAE04EC0-301F-11D3-BF4B-00C04F79EFBC}") = "RefUnitedIVRPlatform.Web.Tests", "RefUnitedIVRPlatform.Web.Tests\RefUnitedIVRPlatform.Web.Tests.csproj", "{EC4FC137-AC32-4D07-9992-5CB5F0D463EB}"
EndProject
Global
	GlobalSection(SolutionConfigurationPlatforms) = preSolution
		Debug|Any CPU = Debug|Any CPU
		Release|Any CPU = Release|Any CPU
	EndGlobalSection
	GlobalSection(ProjectConfigurationPlatforms) = postSolution
		{23B00E7B-797E-4B2D-B270-6EEB9AE43903}.Debug|Any CPU.ActiveCfg = Debug|Any CPU
		{23B00E7B-797E-4B2D-B270-6EEB9AE43903}.Debug|Any CPU.Build.0 = Debug|Any CPU
		{23B00E7B-797E-4B2D-B270-6EEB9AE43903}.Release|Any CPU.ActiveCfg = Release|Any CPU
		{23B00E7B-797E-4B2D-B270-6EEB9AE43903}.Release|Any CPU.Build.0 = Release|Any CPU
		{02315AE5-D021-4EC1-B672-8146939CCF41}.Debug|Any CPU.ActiveCfg = Debug|Any CPU
		{02315AE5-D021-4EC1-B672-8146939CCF41}.Debug|Any CPU.Build.0 = Debug|Any CPU
		{02315AE5-D021-4EC1-B672-8146939CCF41}.Release|Any CPU.ActiveCfg = Release|Any CPU
		{02315AE5-D021-4EC1-B672-8146939CCF41}.Release|Any CPU.Build.0 = Release|Any CPU
		{138ECE08-5A78-409F-9F21-25B3E18B679D}.Debug|Any CPU.ActiveCfg = Debug|Any CPU
		{138ECE08-5A78-409F-9F21-25B3E18B679D}.Debug|Any CPU.Build.0 = Debug|Any CPU
		{138ECE08-5A78-409F-9F21-25B3E18B679D}.Release|Any CPU.ActiveCfg = Release|Any CPU
		{138ECE08-5A78-409F-9F21-25B3E18B679D}.Release|Any CPU.Build.0 = Release|Any CPU
		{E6EF07C8-901E-407C-949F-D08FBB40B78B}.Debug|Any CPU.ActiveCfg = Debug|Any CPU
		{E6EF07C8-901E-407C-949F-D08FBB40B78B}.Debug|Any CPU.Build.0 = Debug|Any CPU
		{E6EF07C8-901E-407C-949F-D08FBB40B78B}.Release|Any CPU.ActiveCfg = Release|Any CPU
		{E6EF07C8-901E-407C-949F-D08FBB40B78B}.Release|Any CPU.Build.0 = Release|Any CPU
		{2AE47113-76D3-4EB7-ADB4-E7B8EDE3EBE5}.Debug|Any CPU.ActiveCfg = Debug|Any CPU
		{2AE47113-76D3-4EB7-ADB4-E7B8EDE3EBE5}.Debug|Any CPU.Build.0 = Debug|Any CPU
		{2AE47113-76D3-4EB7-ADB4-E7B8EDE3EBE5}.Release|Any CPU.ActiveCfg = Release|Any CPU
		{2AE47113-76D3-4EB7-ADB4-E7B8EDE3EBE5}.Release|Any CPU.Build.0 = Release|Any CPU
		{0EDF838E-8EE3-4418-BB73-CB9658F75D37}.Debug|Any CPU.ActiveCfg = Debug|Any CPU
		{0EDF838E-8EE3-4418-BB73-CB9658F75D37}.Debug|Any CPU.Build.0 = Debug|Any CPU
		{0EDF838E-8EE3-4418-BB73-CB9658F75D37}.Release|Any CPU.ActiveCfg = Release|Any CPU
		{0EDF838E-8EE3-4418-BB73-CB9658F75D37}.Release|Any CPU.Build.0 = Release|Any CPU
		{74F7244D-D0B2-4B90-A441-C9FFFC80F646}.Debug|Any CPU.ActiveCfg = Debug|Any CPU
		{74F7244D-D0B2-4B90-A441-C9FFFC80F646}.Debug|Any CPU.Build.0 = Debug|Any CPU
		{74F7244D-D0B2-4B90-A441-C9FFFC80F646}.Release|Any CPU.ActiveCfg = Release|Any CPU
		{74F7244D-D0B2-4B90-A441-C9FFFC80F646}.Release|Any CPU.Build.0 = Release|Any CPU
		{0B50A8B9-50A0-4FDC-8689-73A1E36FBA83}.Debug|Any CPU.ActiveCfg = Debug|Any CPU
		{0B50A8B9-50A0-4FDC-8689-73A1E36FBA83}.Debug|Any CPU.Build.0 = Debug|Any CPU
		{0B50A8B9-50A0-4FDC-8689-73A1E36FBA83}.Release|Any CPU.ActiveCfg = Release|Any CPU
		{0B50A8B9-50A0-4FDC-8689-73A1E36FBA83}.Release|Any CPU.Build.0 = Release|Any CPU
		{5671D464-A95D-4053-9340-C2E7E9305BE9}.Debug|Any CPU.ActiveCfg = Debug|Any CPU
		{5671D464-A95D-4053-9340-C2E7E9305BE9}.Debug|Any CPU.Build.0 = Debug|Any CPU
		{5671D464-A95D-4053-9340-C2E7E9305BE9}.Release|Any CPU.ActiveCfg = Release|Any CPU
		{5671D464-A95D-4053-9340-C2E7E9305BE9}.Release|Any CPU.Build.0 = Release|Any CPU
		{EC4FC137-AC32-4D07-9992-5CB5F0D463EB}.Debug|Any CPU.ActiveCfg = Debug|Any CPU
		{EC4FC137-AC32-4D07-9992-5CB5F0D463EB}.Debug|Any CPU.Build.0 = Debug|Any CPU
		{EC4FC137-AC32-4D07-9992-5CB5F0D463EB}.Release|Any CPU.ActiveCfg = Release|Any CPU
		{EC4FC137-AC32-4D07-9992-5CB5F0D463EB}.Release|Any CPU.Build.0 = Release|Any CPU
	EndGlobalSection
	GlobalSection(SolutionProperties) = preSolution
		HideSolutionNode = FALSE
	EndGlobalSection
EndGlobal
